schema: '2.0'
stages:
  evaluate_model:
    cmd: python training/src/evaluate_model.py
    deps:
    - path: config/main.yaml
      hash: md5
      md5: 150ef3a2a355b622d43c3d23dc9cfbfc
      size: 841
    - path: data/processed
      hash: md5
      md5: 6c6b2a2f35ff8eff04d3a581aa7330e5.dir
      size: 163081
      nfiles: 4
    - path: models/xgboost
      hash: md5
      md5: b5c82d79ba57d489ec7f9d2b7e7a9230
      size: 21069
    - path: training/src/evaluate_model.py
      hash: md5
      md5: 9851d0751a7ec6c9d6d361ade767a1aa
      size: 2144
